
Microsoft Visual Studio Solution File, Format Version 12.00
# Visual Studio Version 17
VisualStudioVersion = 17.5.002.0
MinimumVisualStudioVersion = 10.0.40219.1
Project("{9A19103F-16F7-4668-BE54-9A1E7A4F7556}") = "Eighth", "Eighth\Eighth.csproj", "{BB13230A-6400-4BA8-8985-EA5E9CDDD82C}"
EndProject
Project("{9A19103F-16F7-4668-BE54-9A1E7A4F7556}") = "Fifth", "Fifth\Fifth.csproj", "{6BDF2D60-8F16-4FB8-9AEE-BD0F8E1794D7}"
EndProject
Project("{9A19103F-16F7-4668-BE54-9A1E7A4F7556}") = "Fourth", "Fourth\Fourth.csproj", "{9E0C30F0-82F8-4690-9EDD-918BAE268E62}"
EndProject
Project("{9A19103F-16F7-4668-BE54-9A1E7A4F7556}") = "New", "New\New.csproj", "{60E23EB8-E820-4FAA-A4C9-4986BCB8BE98}"
EndProject
Project("{9A19103F-16F7-4668-BE54-9A1E7A4F7556}") = "Ninth", "Ninth\Ninth.csproj", "{7274A73B-52C0-4DFB-8DB2-55418E802FA7}"
EndProject
Project("{9A19103F-16F7-4668-BE54-9A1E7A4F7556}") = "Second", "Second\Second.csproj", "{92716B03-178C-4066-ADC4-1C3B2471E89F}"
EndProject
Project("{9A19103F-16F7-4668-BE54-9A1E7A4F7556}") = "Seventh", "Seventh\Seventh.csproj", "{C517A71B-0A97-4C8E-86CE-DC7030ED42FB}"
EndProject
Project("{9A19103F-16F7-4668-BE54-9A1E7A4F7556}") = "Sixth", "Sixth\Sixth.csproj", "{DD91EE91-C5C2-4CDF-8FE7-5B51A7108426}"
EndProject
Project("{9A19103F-16F7-4668-BE54-9A1E7A4F7556}") = "Tenth", "Tenth\Tenth.csproj", "{1968254F-64E1-40B8-862B-7D64DFD4DB06}"
EndProject
Project("{9A19103F-16F7-4668-BE54-9A1E7A4F7556}") = "Third", "Third\Third.csproj", "{FF1BD434-DC5D-4AF6-A481-827CE1DB1931}"
EndProject
Global
	GlobalSection(SolutionConfigurationPlatforms) = preSolution
		Debug|Any CPU = Debug|Any CPU
		Release|Any CPU = Release|Any CPU
	EndGlobalSection
	GlobalSection(ProjectConfigurationPlatforms) = postSolution
		{BB13230A-6400-4BA8-8985-EA5E9CDDD82C}.Debug|Any CPU.ActiveCfg = Debug|Any CPU
		{BB13230A-6400-4BA8-8985-EA5E9CDDD82C}.Debug|Any CPU.Build.0 = Debug|Any CPU
		{BB13230A-6400-4BA8-8985-EA5E9CDDD82C}.Release|Any CPU.ActiveCfg = Release|Any CPU
		{BB13230A-6400-4BA8-8985-EA5E9CDDD82C}.Release|Any CPU.Build.0 = Release|Any CPU
		{6BDF2D60-8F16-4FB8-9AEE-BD0F8E1794D7}.Debug|Any CPU.ActiveCfg = Debug|Any CPU
		{6BDF2D60-8F16-4FB8-9AEE-BD0F8E1794D7}.Debug|Any CPU.Build.0 = Debug|Any CPU
		{6BDF2D60-8F16-4FB8-9AEE-BD0F8E1794D7}.Release|Any CPU.ActiveCfg = Release|Any CPU
		{6BDF2D60-8F16-4FB8-9AEE-BD0F8E1794D7}.Release|Any CPU.Build.0 = Release|Any CPU
		{9E0C30F0-82F8-4690-9EDD-918BAE268E62}.Debug|Any CPU.ActiveCfg = Debug|Any CPU
		{9E0C30F0-82F8-4690-9EDD-918BAE268E62}.Debug|Any CPU.Build.0 = Debug|Any CPU
		{9E0C30F0-82F8-4690-9EDD-918BAE268E62}.Release|Any CPU.ActiveCfg = Release|Any CPU
		{9E0C30F0-82F8-4690-9EDD-918BAE268E62}.Release|Any CPU.Build.0 = Release|Any CPU
		{60E23EB8-E820-4FAA-A4C9-4986BCB8BE98}.Debug|Any CPU.ActiveCfg = Debug|Any CPU
		{60E23EB8-E820-4FAA-A4C9-4986BCB8BE98}.Debug|Any CPU.Build.0 = Debug|Any CPU
		{60E23EB8-E820-4FAA-A4C9-4986BCB8BE98}.Release|Any CPU.ActiveCfg = Release|Any CPU
		{60E23EB8-E820-4FAA-A4C9-4986BCB8BE98}.Release|Any CPU.Build.0 = Release|Any CPU
		{7274A73B-52C0-4DFB-8DB2-55418E802FA7}.Debug|Any CPU.ActiveCfg = Debug|Any CPU
		{7274A73B-52C0-4DFB-8DB2-55418E802FA7}.Debug|Any CPU.Build.0 = Debug|Any CPU
		{7274A73B-52C0-4DFB-8DB2-55418E802FA7}.Release|Any CPU.ActiveCfg = Release|Any CPU
		{7274A73B-52C0-4DFB-8DB2-55418E802FA7}.Release|Any CPU.Build.0 = Release|Any CPU
		{92716B03-178C-4066-ADC4-1C3B2471E89F}.Debug|Any CPU.ActiveCfg = Debug|Any CPU
		{92716B03-178C-4066-ADC4-1C3B2471E89F}.Debug|Any CPU.Build.0 = Debug|Any CPU
		{92716B03-178C-4066-ADC4-1C3B2471E89F}.Release|Any CPU.ActiveCfg = Release|Any CPU
		{92716B03-178C-4066-ADC4-1C3B2471E89F}.Release|Any CPU.Build.0 = Release|Any CPU
		{C517A71B-0A97-4C8E-86CE-DC7030ED42FB}.Debug|Any CPU.ActiveCfg = Debug|Any CPU
		{C517A71B-0A97-4C8E-86CE-DC7030ED42FB}.Debug|Any CPU.Build.0 = Debug|Any CPU
		{C517A71B-0A97-4C8E-86CE-DC7030ED42FB}.Release|Any CPU.ActiveCfg = Release|Any CPU
		{C517A71B-0A97-4C8E-86CE-DC7030ED42FB}.Release|Any CPU.Build.0 = Release|Any CPU
		{DD91EE91-C5C2-4CDF-8FE7-5B51A7108426}.Debug|Any CPU.ActiveCfg = Debug|Any CPU
		{DD91EE91-C5C2-4CDF-8FE7-5B51A7108426}.Debug|Any CPU.Build.0 = Debug|Any CPU
		{DD91EE91-C5C2-4CDF-8FE7-5B51A7108426}.Release|Any CPU.ActiveCfg = Release|Any CPU
		{DD91EE91-C5C2-4CDF-8FE7-5B51A7108426}.Release|Any CPU.Build.0 = Release|Any CPU
		{1968254F-64E1-40B8-862B-7D64DFD4DB06}.Debug|Any CPU.ActiveCfg = Debug|Any CPU
		{1968254F-64E1-40B8-862B-7D64DFD4DB06}.Debug|Any CPU.Build.0 = Debug|Any CPU
		{1968254F-64E1-40B8-862B-7D64DFD4DB06}.Release|Any CPU.ActiveCfg = Release|Any CPU
		{1968254F-64E1-40B8-862B-7D64DFD4DB06}.Release|Any CPU.Build.0 = Release|Any CPU
		{FF1BD434-DC5D-4AF6-A481-827CE1DB1931}.Debug|Any CPU.ActiveCfg = Debug|Any CPU
		{FF1BD434-DC5D-4AF6-A481-827CE1DB1931}.Debug|Any CPU.Build.0 = Debug|Any CPU
		{FF1BD434-DC5D-4AF6-A481-827CE1DB1931}.Release|Any CPU.ActiveCfg = Release|Any CPU
		{FF1BD434-DC5D-4AF6-A481-827CE1DB1931}.Release|Any CPU.Build.0 = Release|Any CPU
	EndGlobalSection
	GlobalSection(SolutionProperties) = preSolution
		HideSolutionNode = FALSE
	EndGlobalSection
	GlobalSection(ExtensibilityGlobals) = postSolution
		SolutionGuid = {8AD5A9A6-2432-42F9-9D1E-766182D49676}
	EndGlobalSection
EndGlobal
